
Microsoft Visual Studio Solution File, Format Version 12.00
# Visual Studio Version 17
VisualStudioVersion = 17.11.34909.67
MinimumVisualStudioVersion = 10.0.40219.1
Project("{FAE04EC0-301F-11D3-BF4B-00C04F79EFBC}") = "API_QCode", "API_QCode.csproj", "{81FD41AD-8941-4802-9A94-EA8482377B12}"
EndProject
Global
	GlobalSection(SolutionConfigurationPlatforms) = preSolution
		Debug|Any CPU = Debug|Any CPU
		Release|Any CPU = Release|Any CPU
	EndGlobalSection
	GlobalSection(ProjectConfigurationPlatforms) = postSolution
		{81FD41AD-8941-4802-9A94-EA8482377B12}.Debug|Any CPU.ActiveCfg = Debug|Any CPU
		{81FD41AD-8941-4802-9A94-EA8482377B12}.Debug|Any CPU.Build.0 = Debug|Any CPU
		{81FD41AD-8941-4802-9A94-EA8482377B12}.Release|Any CPU.ActiveCfg = Release|Any CPU
		{81FD41AD-8941-4802-9A94-EA8482377B12}.Release|Any CPU.Build.0 = Release|Any CPU
	EndGlobalSection
	GlobalSection(SolutionProperties) = preSolution
		HideSolutionNode = FALSE
	EndGlobalSection
	GlobalSection(ExtensibilityGlobals) = postSolution
		SolutionGuid = {E1F2B52B-22AF-4135-B222-15F837C02288}
	EndGlobalSection
EndGlobal
